# @generated - this file is auto-generated by `mise lock` https://mise.jdx.dev/dev-tools/mise-lock.html

[[tools.act]]
version = "0.2.82"
backend = "aqua:nektos/act"

[tools.act."platforms.linux-arm64"]
checksum = "sha256:ebf375e700f6f2c139fe3c5508af2ec85032a75e7d29f6a388a58c0fab76e951"
url = "https://github.com/nektos/act/releases/download/v0.2.82/act_Linux_arm64.tar.gz"
url_api = "https://api.github.com/repos/nektos/act/releases/assets/299148283"

[tools.act."platforms.linux-arm64-musl"]
checksum = "sha256:ebf375e700f6f2c139fe3c5508af2ec85032a75e7d29f6a388a58c0fab76e951"
url = "https://github.com/nektos/act/releases/download/v0.2.82/act_Linux_arm64.tar.gz"
url_api = "https://api.github.com/repos/nektos/act/releases/assets/299148283"

[tools.act."platforms.linux-x64"]
checksum = "sha256:76645c0bbe4bb69a8f0ba3caefa681b2f4c04babd4679c67861af9a276a3561f"
url = "https://github.com/nektos/act/releases/download/v0.2.82/act_Linux_x86_64.tar.gz"
url_api = "https://api.github.com/repos/nektos/act/releases/assets/299148282"

[tools.act."platforms.linux-x64-musl"]
checksum = "sha256:76645c0bbe4bb69a8f0ba3caefa681b2f4c04babd4679c67861af9a276a3561f"
url = "https://github.com/nektos/act/releases/download/v0.2.82/act_Linux_x86_64.tar.gz"
url_api = "https://api.github.com/repos/nektos/act/releases/assets/299148282"

[tools.act."platforms.macos-arm64"]
checksum = "sha256:c4cc7d34f497eb15f51f8f6e1d25571e18b4909ceceb40933f4a26a8e7293cfb"
url = "https://github.com/nektos/act/releases/download/v0.2.82/act_Darwin_arm64.tar.gz"
url_api = "https://api.github.com/repos/nektos/act/releases/assets/299148279"

[tools.act."platforms.macos-x64"]
checksum = "sha256:cdfcc8b15c55f936287626e13c8b31fa576257133b6595642cda9b32fa3b17b6"
url = "https://github.com/nektos/act/releases/download/v0.2.82/act_Darwin_x86_64.tar.gz"
url_api = "https://api.github.com/repos/nektos/act/releases/assets/299148249"

[tools.act."platforms.windows-x64"]
checksum = "sha256:caa71df05081db3b614de65cb7c6e84454d7308a553998316d45a66517dd8825"
url = "https://github.com/nektos/act/releases/download/v0.2.82/act_Windows_x86_64.zip"
url_api = "https://api.github.com/repos/nektos/act/releases/assets/299148247"

[[tools.actionlint]]
version = "1.7.7"
backend = "aqua:rhysd/actionlint"

[tools.actionlint."platforms.linux-arm64"]
checksum = "sha256:401942f9c24ed71e4fe71b76c7d638f66d8633575c4016efd2977ce7c28317d0"
url = "https://github.com/rhysd/actionlint/releases/download/v1.7.7/actionlint_1.7.7_linux_arm64.tar.gz"
url_api = "https://api.github.com/repos/rhysd/actionlint/releases/assets/221573255"

[tools.actionlint."platforms.linux-arm64-musl"]
checksum = "sha256:401942f9c24ed71e4fe71b76c7d638f66d8633575c4016efd2977ce7c28317d0"
url = "https://github.com/rhysd/actionlint/releases/download/v1.7.7/actionlint_1.7.7_linux_arm64.tar.gz"
url_api = "https://api.github.com/repos/rhysd/actionlint/releases/assets/221573255"

[tools.actionlint."platforms.linux-x64"]
checksum = "sha256:023070a287cd8cccd71515fedc843f1985bf96c436b7effaecce67290e7e0757"
url = "https://github.com/rhysd/actionlint/releases/download/v1.7.7/actionlint_1.7.7_linux_amd64.tar.gz"
url_api = "https://api.github.com/repos/rhysd/actionlint/releases/assets/221573254"

[tools.actionlint."platforms.linux-x64-musl"]
checksum = "sha256:023070a287cd8cccd71515fedc843f1985bf96c436b7effaecce67290e7e0757"
url = "https://github.com/rhysd/actionlint/releases/download/v1.7.7/actionlint_1.7.7_linux_amd64.tar.gz"
url_api = "https://api.github.com/repos/rhysd/actionlint/releases/assets/221573254"

[tools.actionlint."platforms.macos-arm64"]
checksum = "sha256:2693315b9093aeacb4ebd91a993fea54fc215057bf0da2659056b4bc033873db"
url = "https://github.com/rhysd/actionlint/releases/download/v1.7.7/actionlint_1.7.7_darwin_arm64.tar.gz"
url_api = "https://api.github.com/repos/rhysd/actionlint/releases/assets/221573250"

[tools.actionlint."platforms.macos-x64"]
checksum = "sha256:28e5de5a05fc558474f638323d736d822fff183d2d492f0aecb2b73cc44584f5"
url = "https://github.com/rhysd/actionlint/releases/download/v1.7.7/actionlint_1.7.7_darwin_amd64.tar.gz"
url_api = "https://api.github.com/repos/rhysd/actionlint/releases/assets/221573249"

[tools.actionlint."platforms.windows-x64"]
checksum = "sha256:7f12f1801bca3d480d67aaf7774f4c2a6359a3ca8eebe382c95c10c9704aa731"
url = "https://github.com/rhysd/actionlint/releases/download/v1.7.7/actionlint_1.7.7_windows_amd64.zip"
url_api = "https://api.github.com/repos/rhysd/actionlint/releases/assets/221573260"

[[tools.deno]]
version = "2.9.3"
backend = "core:deno"

[tools.deno."platforms.linux-arm64"]
checksum = "sha256:1a9b610fb536ac72ded978a2bec9d8bc2af96365709bea10ba02e617b1410133"
url = "https://dl.deno.land/release/v2.9.3/deno-aarch64-unknown-linux-gnu.zip"

[tools.deno."platforms.linux-arm64-musl"]
checksum = "sha256:1a9b610fb536ac72ded978a2bec9d8bc2af96365709bea10ba02e617b1410133"
url = "https://dl.deno.land/release/v2.9.3/deno-aarch64-unknown-linux-gnu.zip"

[tools.deno."platforms.linux-x64"]
checksum = "sha256:c4b10edac3e33cba510bd0e5783526d753a148071a9f0e86c693ea48b50512f2"
url = "https://dl.deno.land/release/v2.9.3/deno-x86_64-unknown-linux-gnu.zip"

[tools.deno."platforms.linux-x64-musl"]
checksum = "sha256:c4b10edac3e33cba510bd0e5783526d753a148071a9f0e86c693ea48b50512f2"
url = "https://dl.deno.land/release/v2.9.3/deno-x86_64-unknown-linux-gnu.zip"

[tools.deno."platforms.macos-arm64"]
checksum = "sha256:fecdfd2f962061c796eda4ce4c5753fdec33cdea4af4b5d1c513cf68f4e98955"
url = "https://dl.deno.land/release/v2.9.3/deno-aarch64-apple-darwin.zip"

[tools.deno."platforms.macos-x64"]
checksum = "sha256:03d9afd3e950cb56f4da221bd447c8ea0bd99967a6a428ae887c4bd1d8a5f516"
url = "https://dl.deno.land/release/v2.9.3/deno-x86_64-apple-darwin.zip"

[tools.deno."platforms.windows-x64"]
checksum = "sha256:5cf26da4e823b9a925220b57b25787d3b8a33729dd8e3d37681fcb57050f0050"
url = "https://dl.deno.land/release/v2.9.3/deno-x86_64-pc-windows-msvc.zip"
